
Microsoft Visual Studio Solution File, Format Version 12.00
# Visual Studio Version 16
VisualStudioVersion = 16.0.30717.126
MinimumVisualStudioVersion = 10.0.40219.1
Project("{FAE04EC0-301F-11D3-BF4B-00C04F79EFBC}") = "APShow", "APShow\APShow.csproj", "{1FD637C1-7ABC-4603-806C-748096F7C36F}"
EndProject
Global
	GlobalSection(SolutionConfigurationPlatforms) = preSolution
		Debug|Any CPU = Debug|Any CPU
		Release|Any CPU = Release|Any CPU
	EndGlobalSection
	GlobalSection(ProjectConfigurationPlatforms) = postSolution
		{1FD637C1-7ABC-4603-806C-748096F7C36F}.Debug|Any CPU.ActiveCfg = Debug|Any CPU
		{1FD637C1-7ABC-4603-806C-748096F7C36F}.Debug|Any CPU.Build.0 = Debug|Any CPU
		{1FD637C1-7ABC-4603-806C-748096F7C36F}.Release|Any CPU.ActiveCfg = Release|Any CPU
		{1FD637C1-7ABC-4603-806C-748096F7C36F}.Release|Any CPU.Build.0 = Release|Any CPU
	EndGlobalSection
	GlobalSection(SolutionProperties) = preSolution
		HideSolutionNode = FALSE
	EndGlobalSection
	GlobalSection(ExtensibilityGlobals) = postSolution
		SolutionGuid = {DD926C97-B11C-4D71-8C43-ACABBB0B7A52}
	EndGlobalSection
EndGlobal
